
Microsoft Visual Studio Solution File, Format Version 12.00
# Visual Studio Version 17
VisualStudioVersion = 17.5.33424.131
MinimumVisualStudioVersion = 10.0.40219.1
Project("{9A19103F-16F7-4668-BE54-9A1E7A4F7556}") = "CentricaAPI", "CentricaAPI\CentricaAPI.csproj", "{BC1E569C-CC20-4E6B-8599-A99A17C6383C}"
EndProject
Project("{9A19103F-16F7-4668-BE54-9A1E7A4F7556}") = "CentricaWPF", "CentricaWPF\CentricaWPF.csproj", "{A05A4634-93C1-45E9-9DB5-D03478A6F2DB}"
EndProject
Global
	GlobalSection(SolutionConfigurationPlatforms) = preSolution
		Debug|Any CPU = Debug|Any CPU
		Release|Any CPU = Release|Any CPU
	EndGlobalSection
	GlobalSection(ProjectConfigurationPlatforms) = postSolution
		{BC1E569C-CC20-4E6B-8599-A99A17C6383C}.Debug|Any CPU.ActiveCfg = Debug|Any CPU
		{BC1E569C-CC20-4E6B-8599-A99A17C6383C}.Debug|Any CPU.Build.0 = Debug|Any CPU
		{BC1E569C-CC20-4E6B-8599-A99A17C6383C}.Release|Any CPU.ActiveCfg = Release|Any CPU
		{BC1E569C-CC20-4E6B-8599-A99A17C6383C}.Release|Any CPU.Build.0 = Release|Any CPU
		{A05A4634-93C1-45E9-9DB5-D03478A6F2DB}.Debug|Any CPU.ActiveCfg = Debug|Any CPU
		{A05A4634-93C1-45E9-9DB5-D03478A6F2DB}.Debug|Any CPU.Build.0 = Debug|Any CPU
		{A05A4634-93C1-45E9-9DB5-D03478A6F2DB}.Release|Any CPU.ActiveCfg = Release|Any CPU
		{A05A4634-93C1-45E9-9DB5-D03478A6F2DB}.Release|Any CPU.Build.0 = Release|Any CPU
	EndGlobalSection
	GlobalSection(SolutionProperties) = preSolution
		HideSolutionNode = FALSE
	EndGlobalSection
	GlobalSection(ExtensibilityGlobals) = postSolution
		SolutionGuid = {B09935D9-B784-43C3-8122-9C4E77614DCE}
	EndGlobalSection
EndGlobal
